
Microsoft Visual Studio Solution File, Format Version 12.00
# Visual Studio Version 17
VisualStudioVersion = 17.13.35931.197 d17.13
MinimumVisualStudioVersion = 10.0.40219.1
Project("{FAE04EC0-301F-11D3-BF4B-00C04F79EFBC}") = "Core", "Core\Core.csproj", "{977E058F-BB49-4CC1-B930-C7EE41D82638}"
EndProject
Global
	GlobalSection(SolutionConfigurationPlatforms) = preSolution
		Debug|Any CPU = Debug|Any CPU
		Release|Any CPU = Release|Any CPU
	EndGlobalSection
	GlobalSection(ProjectConfigurationPlatforms) = postSolution
		{977E058F-BB49-4CC1-B930-C7EE41D82638}.Debug|Any CPU.ActiveCfg = Debug|Any CPU
		{977E058F-BB49-4CC1-B930-C7EE41D82638}.Debug|Any CPU.Build.0 = Debug|Any CPU
		{977E058F-BB49-4CC1-B930-C7EE41D82638}.Release|Any CPU.ActiveCfg = Release|Any CPU
		{977E058F-BB49-4CC1-B930-C7EE41D82638}.Release|Any CPU.Build.0 = Release|Any CPU
	EndGlobalSection
	GlobalSection(SolutionProperties) = preSolution
		HideSolutionNode = FALSE
	EndGlobalSection
	GlobalSection(ExtensibilityGlobals) = postSolution
		SolutionGuid = {11ED2EDE-8405-49A3-9586-C4AE7D5401B1}
	EndGlobalSection
EndGlobal
